
Microsoft Visual Studio Solution File, Format Version 12.00
# Visual Studio 15
VisualStudioVersion = 15.0.26430.13
MinimumVisualStudioVersion = 10.0.40219.1
Project("{9A19103F-16F7-4668-BE54-9A1E7A4F7556}") = "Eventful.Api", "src\Eventful.Api\Eventful.Api.csproj", "{A4B2C640-EAFF-4F5C-A200-3005AC35875B}"
EndProject
Project("{9A19103F-16F7-4668-BE54-9A1E7A4F7556}") = "Eventful.DataAccess", "src\Eventful.DataAccess\Eventful.DataAccess.csproj", "{D0635246-9307-474C-877F-DC4911DAC1A3}"
EndProject
Project("{9A19103F-16F7-4668-BE54-9A1E7A4F7556}") = "Eventful.Contract.V1", "src\Eventful.Contract.V1\Eventful.Contract.V1.csproj", "{099ED6C1-DC7D-460A-85B6-53423C162159}"
EndProject
Project("{FAE04EC0-301F-11D3-BF4B-00C04F79EFBC}") = "Eventful.Logic", "src\Eventful.Logic\Eventful.Logic.csproj", "{BA5C25BB-B727-48D5-9998-A622F2D18B2B}"
EndProject
Project("{FAE04EC0-301F-11D3-BF4B-00C04F79EFBC}") = "Eventful.Common", "src\Eventful.Common\Eventful.Common.csproj", "{6267395D-F49E-45EE-96E2-6506B8430B8C}"
EndProject
Project("{FAE04EC0-301F-11D3-BF4B-00C04F79EFBC}") = "EventfulTest.Api", "src\EventfulTest.Api\EventfulTest.Api.csproj", "{2F42CF78-409F-42AD-91FD-7AEF25A67D36}"
EndProject
Project("{FAE04EC0-301F-11D3-BF4B-00C04F79EFBC}") = "EventfulTest.Logic", "src\EventfulTest.Logic\EventfulTest.Logic.csproj", "{25DEF009-2C8D-4E05-B3E1-F0559F2A88B2}"
EndProject
Global
	GlobalSection(SolutionConfigurationPlatforms) = preSolution
		Debug|Any CPU = Debug|Any CPU
		Release|Any CPU = Release|Any CPU
	EndGlobalSection
	GlobalSection(ProjectConfigurationPlatforms) = postSolution
		{A4B2C640-EAFF-4F5C-A200-3005AC35875B}.Debug|Any CPU.ActiveCfg = Debug|Any CPU
		{A4B2C640-EAFF-4F5C-A200-3005AC35875B}.Debug|Any CPU.Build.0 = Debug|Any CPU
		{A4B2C640-EAFF-4F5C-A200-3005AC35875B}.Release|Any CPU.ActiveCfg = Release|Any CPU
		{A4B2C640-EAFF-4F5C-A200-3005AC35875B}.Release|Any CPU.Build.0 = Release|Any CPU
		{D0635246-9307-474C-877F-DC4911DAC1A3}.Debug|Any CPU.ActiveCfg = Debug|Any CPU
		{D0635246-9307-474C-877F-DC4911DAC1A3}.Debug|Any CPU.Build.0 = Debug|Any CPU
		{D0635246-9307-474C-877F-DC4911DAC1A3}.Release|Any CPU.ActiveCfg = Release|Any CPU
		{D0635246-9307-474C-877F-DC4911DAC1A3}.Release|Any CPU.Build.0 = Release|Any CPU
		{099ED6C1-DC7D-460A-85B6-53423C162159}.Debug|Any CPU.ActiveCfg = Debug|Any CPU
		{099ED6C1-DC7D-460A-85B6-53423C162159}.Debug|Any CPU.Build.0 = Debug|Any CPU
		{099ED6C1-DC7D-460A-85B6-53423C162159}.Release|Any CPU.ActiveCfg = Release|Any CPU
		{099ED6C1-DC7D-460A-85B6-53423C162159}.Release|Any CPU.Build.0 = Release|Any CPU
		{BA5C25BB-B727-48D5-9998-A622F2D18B2B}.Debug|Any CPU.ActiveCfg = Debug|Any CPU
		{BA5C25BB-B727-48D5-9998-A622F2D18B2B}.Debug|Any CPU.Build.0 = Debug|Any CPU
		{BA5C25BB-B727-48D5-9998-A622F2D18B2B}.Release|Any CPU.ActiveCfg = Release|Any CPU
		{BA5C25BB-B727-48D5-9998-A622F2D18B2B}.Release|Any CPU.Build.0 = Release|Any CPU
		{6267395D-F49E-45EE-96E2-6506B8430B8C}.Debug|Any CPU.ActiveCfg = Debug|Any CPU
		{6267395D-F49E-45EE-96E2-6506B8430B8C}.Debug|Any CPU.Build.0 = Debug|Any CPU
		{6267395D-F49E-45EE-96E2-6506B8430B8C}.Release|Any CPU.ActiveCfg = Release|Any CPU
		{6267395D-F49E-45EE-96E2-6506B8430B8C}.Release|Any CPU.Build.0 = Release|Any CPU
		{2F42CF78-409F-42AD-91FD-7AEF25A67D36}.Debug|Any CPU.ActiveCfg = Debug|Any CPU
		{2F42CF78-409F-42AD-91FD-7AEF25A67D36}.Debug|Any CPU.Build.0 = Debug|Any CPU
		{2F42CF78-409F-42AD-91FD-7AEF25A67D36}.Release|Any CPU.ActiveCfg = Release|Any CPU
		{2F42CF78-409F-42AD-91FD-7AEF25A67D36}.Release|Any CPU.Build.0 = Release|Any CPU
		{25DEF009-2C8D-4E05-B3E1-F0559F2A88B2}.Debug|Any CPU.ActiveCfg = Debug|Any CPU
		{25DEF009-2C8D-4E05-B3E1-F0559F2A88B2}.Debug|Any CPU.Build.0 = Debug|Any CPU
		{25DEF009-2C8D-4E05-B3E1-F0559F2A88B2}.Release|Any CPU.ActiveCfg = Release|Any CPU
		{25DEF009-2C8D-4E05-B3E1-F0559F2A88B2}.Release|Any CPU.Build.0 = Release|Any CPU
	EndGlobalSection
	GlobalSection(SolutionProperties) = preSolution
		HideSolutionNode = FALSE
	EndGlobalSection
EndGlobal
